
Microsoft Visual Studio Solution File, Format Version 12.00
# Visual Studio Version 16
VisualStudioVersion = 16.0.30011.22
MinimumVisualStudioVersion = 10.0.40219.1
Project("{FAE04EC0-301F-11D3-BF4B-00C04F79EFBC}") = "CleaningRobot2", "CleaningRobot2\CleaningRobot2.csproj", "{F7030B54-BF9B-4519-A144-6DB7F16C4C4E}"
EndProject
Global
	GlobalSection(SolutionConfigurationPlatforms) = preSolution
		Debug|Any CPU = Debug|Any CPU
		Release|Any CPU = Release|Any CPU
	EndGlobalSection
	GlobalSection(ProjectConfigurationPlatforms) = postSolution
		{F7030B54-BF9B-4519-A144-6DB7F16C4C4E}.Debug|Any CPU.ActiveCfg = Debug|Any CPU
		{F7030B54-BF9B-4519-A144-6DB7F16C4C4E}.Debug|Any CPU.Build.0 = Debug|Any CPU
		{F7030B54-BF9B-4519-A144-6DB7F16C4C4E}.Release|Any CPU.ActiveCfg = Release|Any CPU
		{F7030B54-BF9B-4519-A144-6DB7F16C4C4E}.Release|Any CPU.Build.0 = Release|Any CPU
	EndGlobalSection
	GlobalSection(SolutionProperties) = preSolution
		HideSolutionNode = FALSE
	EndGlobalSection
	GlobalSection(ExtensibilityGlobals) = postSolution
		SolutionGuid = {E5A03210-276A-4F0C-BD85-C35549961DDB}
	EndGlobalSection
EndGlobal
